
Microsoft Visual Studio Solution File, Format Version 12.00
# Visual Studio Version 17
VisualStudioVersion = 17.11.35222.181
MinimumVisualStudioVersion = 10.0.40219.1
Project("{9A19103F-16F7-4668-BE54-9A1E7A4F7556}") = "DinoService", "DinoService\DinoService.csproj", "{0180449C-DF84-4D6E-A8A6-B4E6E24FE0C4}"
EndProject
Global
	GlobalSection(SolutionConfigurationPlatforms) = preSolution
		Debug|Any CPU = Debug|Any CPU
		Release|Any CPU = Release|Any CPU
	EndGlobalSection
	GlobalSection(ProjectConfigurationPlatforms) = postSolution
		{0180449C-DF84-4D6E-A8A6-B4E6E24FE0C4}.Debug|Any CPU.ActiveCfg = Debug|Any CPU
		{0180449C-DF84-4D6E-A8A6-B4E6E24FE0C4}.Debug|Any CPU.Build.0 = Debug|Any CPU
		{0180449C-DF84-4D6E-A8A6-B4E6E24FE0C4}.Release|Any CPU.ActiveCfg = Release|Any CPU
		{0180449C-DF84-4D6E-A8A6-B4E6E24FE0C4}.Release|Any CPU.Build.0 = Release|Any CPU
	EndGlobalSection
	GlobalSection(SolutionProperties) = preSolution
		HideSolutionNode = FALSE
	EndGlobalSection
	GlobalSection(ExtensibilityGlobals) = postSolution
		SolutionGuid = {0ACB5F8B-4E9F-4A3E-AE32-B9F0EA26B68F}
	EndGlobalSection
EndGlobal
